{
  "originHash" : "d9374f1ce02e30892d3bb6f9c0baea8c04e123c242d3597d03436ae68dda25d2",
  "pins" : [
    {
      "identity" : "runestone",
      "kind" : "remoteSourceControl",
      "location" : "https://github.com/simonbs/Runestone",
      "state" : {
        "branch" : "feature/stringsyntaxhighlighter",
        "revision" : "d10471e001040f49622e75382fd5ca65887e09a7"
      }
    },
    {
      "identity" : "tree-sitter",
      "kind" : "remoteSourceControl",
      "location" : "https://github.com/tree-sitter/tree-sitter",
      "state" : {
        "revision" : "98be227227af10cc7a269cb3ffb23686c0610b17",
        "version" : "0.20.9"
      }
    }
  ],
  "version" : 3
}
